
Microsoft Visual Studio Solution File, Format Version 12.00
# Visual Studio 15
VisualStudioVersion = 15.0.28010.2026
MinimumVisualStudioVersion = 10.0.40219.1
Project("{8BC9CEB8-8B4A-11D0-8D11-00A0C91BC942}") = "Polymorphisme", "Polymorphisme\Polymorphisme.vcxproj", "{79AFDD4D-C71C-493B-80F0-06917B9D6623}"
EndProject
Global
	GlobalSection(SolutionConfigurationPlatforms) = preSolution
		Debug|x64 = Debug|x64
		Debug|x86 = Debug|x86
		Release|x64 = Release|x64
		Release|x86 = Release|x86
	EndGlobalSection
	GlobalSection(ProjectConfigurationPlatforms) = postSolution
		{79AFDD4D-C71C-493B-80F0-06917B9D6623}.Debug|x64.ActiveCfg = Debug|x64
		{79AFDD4D-C71C-493B-80F0-06917B9D6623}.Debug|x64.Build.0 = Debug|x64
		{79AFDD4D-C71C-493B-80F0-06917B9D6623}.Debug|x86.ActiveCfg = Debug|Win32
		{79AFDD4D-C71C-493B-80F0-06917B9D6623}.Debug|x86.Build.0 = Debug|Win32
		{79AFDD4D-C71C-493B-80F0-06917B9D6623}.Release|x64.ActiveCfg = Release|x64
		{79AFDD4D-C71C-493B-80F0-06917B9D6623}.Release|x64.Build.0 = Release|x64
		{79AFDD4D-C71C-493B-80F0-06917B9D6623}.Release|x86.ActiveCfg = Release|Win32
		{79AFDD4D-C71C-493B-80F0-06917B9D6623}.Release|x86.Build.0 = Release|Win32
	EndGlobalSection
	GlobalSection(SolutionProperties) = preSolution
		HideSolutionNode = FALSE
	EndGlobalSection
	GlobalSection(ExtensibilityGlobals) = postSolution
		SolutionGuid = {3A432DFE-A4EF-430F-A0BE-929E7AB9472C}
	EndGlobalSection
EndGlobal
